
Microsoft Visual Studio Solution File, Format Version 12.00
# Visual Studio 2013
VisualStudioVersion = 12.0.30723.0
MinimumVisualStudioVersion = 10.0.40219.1
Project("{FAE04EC0-301F-11D3-BF4B-00C04F79EFBC}") = "Manifesto", "Manifesto\Manifesto.csproj", "{EE1F0037-6D23-42F1-8DE4-13A8E3F33A72}"
EndProject
Project("{FAE04EC0-301F-11D3-BF4B-00C04F79EFBC}") = "Sample", "Sample\Sample.csproj", "{4055F160-4015-4DA9-B83B-E6B115F26229}"
EndProject
Global
	GlobalSection(SolutionConfigurationPlatforms) = preSolution
		Debug|Any CPU = Debug|Any CPU
		Release|Any CPU = Release|Any CPU
	EndGlobalSection
	GlobalSection(ProjectConfigurationPlatforms) = postSolution
		{EE1F0037-6D23-42F1-8DE4-13A8E3F33A72}.Debug|Any CPU.ActiveCfg = Debug|Any CPU
		{EE1F0037-6D23-42F1-8DE4-13A8E3F33A72}.Debug|Any CPU.Build.0 = Debug|Any CPU
		{EE1F0037-6D23-42F1-8DE4-13A8E3F33A72}.Release|Any CPU.ActiveCfg = Release|Any CPU
		{EE1F0037-6D23-42F1-8DE4-13A8E3F33A72}.Release|Any CPU.Build.0 = Release|Any CPU
		{4055F160-4015-4DA9-B83B-E6B115F26229}.Debug|Any CPU.ActiveCfg = Debug|Any CPU
		{4055F160-4015-4DA9-B83B-E6B115F26229}.Debug|Any CPU.Build.0 = Debug|Any CPU
		{4055F160-4015-4DA9-B83B-E6B115F26229}.Release|Any CPU.ActiveCfg = Release|Any CPU
		{4055F160-4015-4DA9-B83B-E6B115F26229}.Release|Any CPU.Build.0 = Release|Any CPU
	EndGlobalSection
	GlobalSection(SolutionProperties) = preSolution
		HideSolutionNode = FALSE
	EndGlobalSection
EndGlobal
